
Microsoft Visual Studio Solution File, Format Version 12.00
# Visual Studio Version 16
VisualStudioVersion = 16.0.30907.101
MinimumVisualStudioVersion = 10.0.40219.1
Project("{FAE04EC0-301F-11D3-BF4B-00C04F79EFBC}") = "Broadway.ConsoleApp", "Broadway.ConsoleApp\Broadway.ConsoleApp.csproj", "{32963B3D-40D3-46F5-B3ED-1366379BB469}"
EndProject
Project("{FAE04EC0-301F-11D3-BF4B-00C04F79EFBC}") = "Broadway.Desktop", "Broadway.Desktop\Broadway.Desktop.csproj", "{5B9AA8FC-19D9-4341-B782-C253F5238615}"
EndProject
Global
	GlobalSection(SolutionConfigurationPlatforms) = preSolution
		Debug|Any CPU = Debug|Any CPU
		Release|Any CPU = Release|Any CPU
	EndGlobalSection
	GlobalSection(ProjectConfigurationPlatforms) = postSolution
		{32963B3D-40D3-46F5-B3ED-1366379BB469}.Debug|Any CPU.ActiveCfg = Debug|Any CPU
		{32963B3D-40D3-46F5-B3ED-1366379BB469}.Debug|Any CPU.Build.0 = Debug|Any CPU
		{32963B3D-40D3-46F5-B3ED-1366379BB469}.Release|Any CPU.ActiveCfg = Release|Any CPU
		{32963B3D-40D3-46F5-B3ED-1366379BB469}.Release|Any CPU.Build.0 = Release|Any CPU
		{5B9AA8FC-19D9-4341-B782-C253F5238615}.Debug|Any CPU.ActiveCfg = Debug|Any CPU
		{5B9AA8FC-19D9-4341-B782-C253F5238615}.Debug|Any CPU.Build.0 = Debug|Any CPU
		{5B9AA8FC-19D9-4341-B782-C253F5238615}.Release|Any CPU.ActiveCfg = Release|Any CPU
		{5B9AA8FC-19D9-4341-B782-C253F5238615}.Release|Any CPU.Build.0 = Release|Any CPU
	EndGlobalSection
	GlobalSection(SolutionProperties) = preSolution
		HideSolutionNode = FALSE
	EndGlobalSection
	GlobalSection(ExtensibilityGlobals) = postSolution
		SolutionGuid = {7EB933CD-BCB9-43C5-AA31-2BE5BA5D983E}
	EndGlobalSection
EndGlobal
